
Microsoft Visual Studio Solution File, Format Version 12.00
# Visual Studio Version 17
VisualStudioVersion = 17.0.31903.59
MinimumVisualStudioVersion = 10.0.40219.1
Project("{2150E333-8FDC-42A3-9474-1A3956D46DE8}") = "src", "src", "{1204F606-C159-4824-9863-AB335F06E198}"
EndProject
Project("{FAE04EC0-301F-11D3-BF4B-00C04F79EFBC}") = "AuctionService", "src\AuctionService\AuctionService.csproj", "{4C249CC5-4987-40D3-B624-D90D10F76A60}"
EndProject
Project("{FAE04EC0-301F-11D3-BF4B-00C04F79EFBC}") = "SearchService", "src\SearchService\SearchService.csproj", "{733C1B54-C080-4EFC-AE81-5A08FC05677E}"
EndProject
Global
	GlobalSection(SolutionConfigurationPlatforms) = preSolution
		Debug|Any CPU = Debug|Any CPU
		Release|Any CPU = Release|Any CPU
	EndGlobalSection
	GlobalSection(SolutionProperties) = preSolution
		HideSolutionNode = FALSE
	EndGlobalSection
	GlobalSection(ProjectConfigurationPlatforms) = postSolution
		{4C249CC5-4987-40D3-B624-D90D10F76A60}.Debug|Any CPU.ActiveCfg = Debug|Any CPU
		{4C249CC5-4987-40D3-B624-D90D10F76A60}.Debug|Any CPU.Build.0 = Debug|Any CPU
		{4C249CC5-4987-40D3-B624-D90D10F76A60}.Release|Any CPU.ActiveCfg = Release|Any CPU
		{4C249CC5-4987-40D3-B624-D90D10F76A60}.Release|Any CPU.Build.0 = Release|Any CPU
		{733C1B54-C080-4EFC-AE81-5A08FC05677E}.Debug|Any CPU.ActiveCfg = Debug|Any CPU
		{733C1B54-C080-4EFC-AE81-5A08FC05677E}.Debug|Any CPU.Build.0 = Debug|Any CPU
		{733C1B54-C080-4EFC-AE81-5A08FC05677E}.Release|Any CPU.ActiveCfg = Release|Any CPU
		{733C1B54-C080-4EFC-AE81-5A08FC05677E}.Release|Any CPU.Build.0 = Release|Any CPU
	EndGlobalSection
	GlobalSection(NestedProjects) = preSolution
		{4C249CC5-4987-40D3-B624-D90D10F76A60} = {1204F606-C159-4824-9863-AB335F06E198}
		{733C1B54-C080-4EFC-AE81-5A08FC05677E} = {1204F606-C159-4824-9863-AB335F06E198}
	EndGlobalSection
EndGlobal
